// !$*UTF8*$!
{
	archiveVersion = 1;
	classes = {
	};
	objectVersion = 50;
	objects = {

/* Begin PBXBuildFile section */
		B138815026CC2BD7007A14DE /* CharacterCell.swift in Sources */ = {isa = PBXBuildFile; fileRef = B138814F26CC2BD7007A14DE /* CharacterCell.swift */; };
		B138815226CC2C03007A14DE /* Response.swift in Sources */ = {isa = PBXBuildFile; fileRef = B138815126CC2C03007A14DE /* Response.swift */; };
		B138815426CC2C1F007A14DE /* Info.swift in Sources */ = {isa = PBXBuildFile; fileRef = B138815326CC2C1F007A14DE /* Info.swift */; };
		B138815626CC2C37007A14DE /* Character.swift in Sources */ = {isa = PBXBuildFile; fileRef = B138815526CC2C37007A14DE /* Character.swift */; };
		B138815E26CC2DA5007A14DE /* CharacterListAdapter.swift in Sources */ = {isa = PBXBuildFile; fileRef = B138815D26CC2DA5007A14DE /* CharacterListAdapter.swift */; };
		B138816126CC2F25007A14DE /* CharactersService.swift in Sources */ = {isa = PBXBuildFile; fileRef = B138816026CC2F25007A14DE /* CharactersService.swift */; };
		B138816426CC3120007A14DE /* FetchCharactersUseCase.swift in Sources */ = {isa = PBXBuildFile; fileRef = B138816326CC3120007A14DE /* FetchCharactersUseCase.swift */; };
		B138816626CC323B007A14DE /* CharacterRepository.swift in Sources */ = {isa = PBXBuildFile; fileRef = B138816526CC323B007A14DE /* CharacterRepository.swift */; };
		B1DC417126CA8D5D006199F6 /* AppDelegate.swift in Sources */ = {isa = PBXBuildFile; fileRef = B1DC417026CA8D5D006199F6 /* AppDelegate.swift */; };
		B1DC417326CA8D5D006199F6 /* SceneDelegate.swift in Sources */ = {isa = PBXBuildFile; fileRef = B1DC417226CA8D5D006199F6 /* SceneDelegate.swift */; };
		B1DC417526CA8D5D006199F6 /* ViewController.swift in Sources */ = {isa = PBXBuildFile; fileRef = B1DC417426CA8D5D006199F6 /* ViewController.swift */; };
		B1DC417826CA8D5D006199F6 /* Main.storyboard in Resources */ = {isa = PBXBuildFile; fileRef = B1DC417626CA8D5D006199F6 /* Main.storyboard */; };
		B1DC417A26CA8D5E006199F6 /* Assets.xcassets in Resources */ = {isa = PBXBuildFile; fileRef = B1DC417926CA8D5E006199F6 /* Assets.xcassets */; };
		B1DC417D26CA8D5E006199F6 /* LaunchScreen.storyboard in Resources */ = {isa = PBXBuildFile; fileRef = B1DC417B26CA8D5E006199F6 /* LaunchScreen.storyboard */; };
/* End PBXBuildFile section */

/* Begin PBXFileReference section */
		B138814F26CC2BD7007A14DE /* CharacterCell.swift */ = {isa = PBXFileReference; lastKnownFileType = sourcecode.swift; path = CharacterCell.swift; sourceTree = "<group>"; };
		B138815126CC2C03007A14DE /* Response.swift */ = {isa = PBXFileReference; lastKnownFileType = sourcecode.swift; path = Response.swift; sourceTree = "<group>"; };
		B138815326CC2C1F007A14DE /* Info.swift */ = {isa = PBXFileReference; lastKnownFileType = sourcecode.swift; path = Info.swift; sourceTree = "<group>"; };
		B138815526CC2C37007A14DE /* Character.swift */ = {isa = PBXFileReference; lastKnownFileType = sourcecode.swift; path = Character.swift; sourceTree = "<group>"; };
		B138815D26CC2DA5007A14DE /* CharacterListAdapter.swift */ = {isa = PBXFileReference; lastKnownFileType = sourcecode.swift; path = CharacterListAdapter.swift; sourceTree = "<group>"; };
		B138816026CC2F25007A14DE /* CharactersService.swift */ = {isa = PBXFileReference; lastKnownFileType = sourcecode.swift; path = CharactersService.swift; sourceTree = "<group>"; };
		B138816326CC3120007A14DE /* FetchCharactersUseCase.swift */ = {isa = PBXFileReference; lastKnownFileType = sourcecode.swift; path = FetchCharactersUseCase.swift; sourceTree = "<group>"; };
		B138816526CC323B007A14DE /* CharacterRepository.swift */ = {isa = PBXFileReference; lastKnownFileType = sourcecode.swift; path = CharacterRepository.swift; sourceTree = "<group>"; };
		B1DC416D26CA8D5D006199F6 /* RickAndMorty.app */ = {isa = PBXFileReference; explicitFileType = wrapper.application; includeInIndex = 0; path = RickAndMorty.app; sourceTree = BUILT_PRODUCTS_DIR; };
		B1DC417026CA8D5D006199F6 /* AppDelegate.swift */ = {isa = PBXFileReference; lastKnownFileType = sourcecode.swift; path = AppDelegate.swift; sourceTree = "<group>"; };
		B1DC417226CA8D5D006199F6 /* SceneDelegate.swift */ = {isa = PBXFileReference; lastKnownFileType = sourcecode.swift; path = SceneDelegate.swift; sourceTree = "<group>"; };
		B1DC417426CA8D5D006199F6 /* ViewController.swift */ = {isa = PBXFileReference; lastKnownFileType = sourcecode.swift; path = ViewController.swift; sourceTree = "<group>"; };
		B1DC417726CA8D5D006199F6 /* Base */ = {isa = PBXFileReference; lastKnownFileType = file.storyboard; name = Base; path = Base.lproj/Main.storyboard; sourceTree = "<group>"; };
		B1DC417926CA8D5E006199F6 /* Assets.xcassets */ = {isa = PBXFileReference; lastKnownFileType = folder.assetcatalog; path = Assets.xcassets; sourceTree = "<group>"; };
		B1DC417C26CA8D5E006199F6 /* Base */ = {isa = PBXFileReference; lastKnownFileType = file.storyboard; name = Base; path = Base.lproj/LaunchScreen.storyboard; sourceTree = "<group>"; };
		B1DC417E26CA8D5E006199F6 /* Info.plist */ = {isa = PBXFileReference; lastKnownFileType = text.plist.xml; path = Info.plist; sourceTree = "<group>"; };
/* End PBXFileReference section */

/* Begin PBXFrameworksBuildPhase section */
		B1DC416A26CA8D5D006199F6 /* Frameworks */ = {
			isa = PBXFrameworksBuildPhase;
			buildActionMask = 2147483647;
			files = (
			);
			runOnlyForDeploymentPostprocessing = 0;
		};
/* End PBXFrameworksBuildPhase section */

/* Begin PBXGroup section */
		B138815726CC2C5A007A14DE /* Scenes */ = {
			isa = PBXGroup;
			children = (
				B138815826CC2C70007A14DE /* CharacterList */,
			);
			path = Scenes;
			sourceTree = "<group>";
		};
		B138815826CC2C70007A14DE /* CharacterList */ = {
			isa = PBXGroup;
			children = (
				B138815A26CC2C7D007A14DE /* Data */,
				B138815B26CC2C80007A14DE /* Domain */,
				B138815926CC2C79007A14DE /* View */,
			);
			path = CharacterList;
			sourceTree = "<group>";
		};
		B138815926CC2C79007A14DE /* View */ = {
			isa = PBXGroup;
			children = (
				B1DC417426CA8D5D006199F6 /* ViewController.swift */,
				B138814F26CC2BD7007A14DE /* CharacterCell.swift */,
				B138815D26CC2DA5007A14DE /* CharacterListAdapter.swift */,
			);
			path = View;
			sourceTree = "<group>";
		};
		B138815A26CC2C7D007A14DE /* Data */ = {
			isa = PBXGroup;
			children = (
				B138815F26CC2F1A007A14DE /* Services */,
				B138815C26CC2C9A007A14DE /* Model */,
				B138816526CC323B007A14DE /* CharacterRepository.swift */,
			);
			path = Data;
			sourceTree = "<group>";
		};
		B138815B26CC2C80007A14DE /* Domain */ = {
			isa = PBXGroup;
			children = (
				B138816226CC310F007A14DE /* UseCases */,
			);
			path = Domain;
			sourceTree = "<group>";
		};
		B138815C26CC2C9A007A14DE /* Model */ = {
			isa = PBXGroup;
			children = (
				B138815126CC2C03007A14DE /* Response.swift */,
				B138815326CC2C1F007A14DE /* Info.swift */,
				B138815526CC2C37007A14DE /* Character.swift */,
			);
			path = Model;
			sourceTree = "<group>";
		};
		B138815F26CC2F1A007A14DE /* Services */ = {
			isa = PBXGroup;
			children = (
				B138816026CC2F25007A14DE /* CharactersService.swift */,
			);
			path = Services;
			sourceTree = "<group>";
		};
		B138816226CC310F007A14DE /* UseCases */ = {
			isa = PBXGroup;
			children = (
				B138816326CC3120007A14DE /* FetchCharactersUseCase.swift */,
			);
			path = UseCases;
			sourceTree = "<group>";
		};
		B1DC416426CA8D5D006199F6 = {
			isa = PBXGroup;
			children = (
				B1DC416F26CA8D5D006199F6 /* RickAndMorty */,
				B1DC416E26CA8D5D006199F6 /* Products */,
			);
			sourceTree = "<group>";
		};
		B1DC416E26CA8D5D006199F6 /* Products */ = {
			isa = PBXGroup;
			children = (
				B1DC416D26CA8D5D006199F6 /* RickAndMorty.app */,
			);
			name = Products;
			sourceTree = "<group>";
		};
		B1DC416F26CA8D5D006199F6 /* RickAndMorty */ = {
			isa = PBXGroup;
			children = (
				B138815726CC2C5A007A14DE /* Scenes */,
				B1DC417026CA8D5D006199F6 /* AppDelegate.swift */,
				B1DC417226CA8D5D006199F6 /* SceneDelegate.swift */,
				B1DC417626CA8D5D006199F6 /* Main.storyboard */,
				B1DC417926CA8D5E006199F6 /* Assets.xcassets */,
				B1DC417B26CA8D5E006199F6 /* LaunchScreen.storyboard */,
				B1DC417E26CA8D5E006199F6 /* Info.plist */,
			);
			path = RickAndMorty;
			sourceTree = "<group>";
		};
/* End PBXGroup section */

/* Begin PBXNativeTarget section */
		B1DC416C26CA8D5D006199F6 /* RickAndMorty */ = {
			isa = PBXNativeTarget;
			buildConfigurationList = B1DC418126CA8D5E006199F6 /* Build configuration list for PBXNativeTarget "RickAndMorty" */;
			buildPhases = (
				B1DC416926CA8D5D006199F6 /* Sources */,
				B1DC416A26CA8D5D006199F6 /* Frameworks */,
				B1DC416B26CA8D5D006199F6 /* Resources */,
			);
			buildRules = (
			);
			dependencies = (
			);
			name = RickAndMorty;
			productName = RickAndMorty;
			productReference = B1DC416D26CA8D5D006199F6 /* RickAndMorty.app */;
			productType = "com.apple.product-type.application";
		};
/* End PBXNativeTarget section */

/* Begin PBXProject section */
		B1DC416526CA8D5D006199F6 /* Project object */ = {
			isa = PBXProject;
			attributes = {
				LastSwiftUpdateCheck = 1250;
				LastUpgradeCheck = 1250;
				TargetAttributes = {
					B1DC416C26CA8D5D006199F6 = {
						CreatedOnToolsVersion = 12.5.1;
					};
				};
			};
			buildConfigurationList = B1DC416826CA8D5D006199F6 /* Build configuration list for PBXProject "RickAndMorty" */;
			compatibilityVersion = "Xcode 9.3";
			developmentRegion = en;
			hasScannedForEncodings = 0;
			knownRegions = (
				en,
				Base,
			);
			mainGroup = B1DC416426CA8D5D006199F6;
			productRefGroup = B1DC416E26CA8D5D006199F6 /* Products */;
			projectDirPath = "";
			projectRoot = "";
			targets = (
				B1DC416C26CA8D5D006199F6 /* RickAndMorty */,
			);
		};
/* End PBXProject section */

/* Begin PBXResourcesBuildPhase section */
		B1DC416B26CA8D5D006199F6 /* Resources */ = {
			isa = PBXResourcesBuildPhase;
			buildActionMask = 2147483647;
			files = (
				B1DC417D26CA8D5E006199F6 /* LaunchScreen.storyboard in Resources */,
				B1DC417A26CA8D5E006199F6 /* Assets.xcassets in Resources */,
				B1DC417826CA8D5D006199F6 /* Main.storyboard in Resources */,
			);
			runOnlyForDeploymentPostprocessing = 0;
		};
/* End PBXResourcesBuildPhase section */

/* Begin PBXSourcesBuildPhase section */
		B1DC416926CA8D5D006199F6 /* Sources */ = {
			isa = PBXSourcesBuildPhase;
			buildActionMask = 2147483647;
			files = (
				B1DC417526CA8D5D006199F6 /* ViewController.swift in Sources */,
				B1DC417126CA8D5D006199F6 /* AppDelegate.swift in Sources */,
				B138815626CC2C37007A14DE /* Character.swift in Sources */,
				B1DC417326CA8D5D006199F6 /* SceneDelegate.swift in Sources */,
				B138815426CC2C1F007A14DE /* Info.swift in Sources */,
				B138816626CC323B007A14DE /* CharacterRepository.swift in Sources */,
				B138815026CC2BD7007A14DE /* CharacterCell.swift in Sources */,
				B138816426CC3120007A14DE /* FetchCharactersUseCase.swift in Sources */,
				B138815226CC2C03007A14DE /* Response.swift in Sources */,
				B138816126CC2F25007A14DE /* CharactersService.swift in Sources */,
				B138815E26CC2DA5007A14DE /* CharacterListAdapter.swift in Sources */,
			);
			runOnlyForDeploymentPostprocessing = 0;
		};
/* End PBXSourcesBuildPhase section */

/* Begin PBXVariantGroup section */
		B1DC417626CA8D5D006199F6 /* Main.storyboard */ = {
			isa = PBXVariantGroup;
			children = (
				B1DC417726CA8D5D006199F6 /* Base */,
			);
			name = Main.storyboard;
			sourceTree = "<group>";
		};
		B1DC417B26CA8D5E006199F6 /* LaunchScreen.storyboard */ = {
			isa = PBXVariantGroup;
			children = (
				B1DC417C26CA8D5E006199F6 /* Base */,
			);
			name = LaunchScreen.storyboard;
			sourceTree = "<group>";
		};
/* End PBXVariantGroup section */

/* Begin XCBuildConfiguration section */
		B1DC417F26CA8D5E006199F6 /* Debug */ = {
			isa = XCBuildConfiguration;
			buildSettings = {
				ALWAYS_SEARCH_USER_PATHS = NO;
				CLANG_ANALYZER_NONNULL = YES;
				CLANG_ANALYZER_NUMBER_OBJECT_CONVERSION = YES_AGGRESSIVE;
				CLANG_CXX_LANGUAGE_STANDARD = "gnu++14";
				CLANG_CXX_LIBRARY = "libc++";
				CLANG_ENABLE_MODULES = YES;
				CLANG_ENABLE_OBJC_ARC = YES;
				CLANG_ENABLE_OBJC_WEAK = YES;
				CLANG_WARN_BLOCK_CAPTURE_AUTORELEASING = YES;
				CLANG_WARN_BOOL_CONVERSION = YES;
				CLANG_WARN_COMMA = YES;
				CLANG_WARN_CONSTANT_CONVERSION = YES;
				CLANG_WARN_DEPRECATED_OBJC_IMPLEMENTATIONS = YES;
				CLANG_WARN_DIRECT_OBJC_ISA_USAGE = YES_ERROR;
				CLANG_WARN_DOCUMENTATION_COMMENTS = YES;
				CLANG_WARN_EMPTY_BODY = YES;
				CLANG_WARN_ENUM_CONVERSION = YES;
				CLANG_WARN_INFINITE_RECURSION = YES;
				CLANG_WARN_INT_CONVERSION = YES;
				CLANG_WARN_NON_LITERAL_NULL_CONVERSION = YES;
				CLANG_WARN_OBJC_IMPLICIT_RETAIN_SELF = YES;
				CLANG_WARN_OBJC_LITERAL_CONVERSION = YES;
				CLANG_WARN_OBJC_ROOT_CLASS = YES_ERROR;
				CLANG_WARN_QUOTED_INCLUDE_IN_FRAMEWORK_HEADER = YES;
				CLANG_WARN_RANGE_LOOP_ANALYSIS = YES;
				CLANG_WARN_STRICT_PROTOTYPES = YES;
				CLANG_WARN_SUSPICIOUS_MOVE = YES;
				CLANG_WARN_UNGUARDED_AVAILABILITY = YES_AGGRESSIVE;
				CLANG_WARN_UNREACHABLE_CODE = YES;
				CLANG_WARN__DUPLICATE_METHOD_MATCH = YES;
				COPY_PHASE_STRIP = NO;
				DEBUG_INFORMATION_FORMAT = dwarf;
				ENABLE_STRICT_OBJC_MSGSEND = YES;
				ENABLE_TESTABILITY = YES;
				GCC_C_LANGUAGE_STANDARD = gnu11;
				GCC_DYNAMIC_NO_PIC = NO;
				GCC_NO_COMMON_BLOCKS = YES;
				GCC_OPTIMIZATION_LEVEL = 0;
				GCC_PREPROCESSOR_DEFINITIONS = (
					"DEBUG=1",
					"$(inherited)",
				);
				GCC_WARN_64_TO_32_BIT_CONVERSION = YES;
				GCC_WARN_ABOUT_RETURN_TYPE = YES_ERROR;
				GCC_WARN_UNDECLARED_SELECTOR = YES;
				GCC_WARN_UNINITIALIZED_AUTOS = YES_AGGRESSIVE;
				GCC_WARN_UNUSED_FUNCTION = YES;
				GCC_WARN_UNUSED_VARIABLE = YES;
				IPHONEOS_DEPLOYMENT_TARGET = 14.5;
				MTL_ENABLE_DEBUG_INFO = INCLUDE_SOURCE;
				MTL_FAST_MATH = YES;
				ONLY_ACTIVE_ARCH = YES;
				SDKROOT = iphoneos;
				SWIFT_ACTIVE_COMPILATION_CONDITIONS = DEBUG;
				SWIFT_OPTIMIZATION_LEVEL = "-Onone";
			};
			name = Debug;
		};
		B1DC418026CA8D5E006199F6 /* Release */ = {
			isa = XCBuildConfiguration;
			buildSettings = {
				ALWAYS_SEARCH_USER_PATHS = NO;
				CLANG_ANALYZER_NONNULL = YES;
				CLANG_ANALYZER_NUMBER_OBJECT_CONVERSION = YES_AGGRESSIVE;
				CLANG_CXX_LANGUAGE_STANDARD = "gnu++14";
				CLANG_CXX_LIBRARY = "libc++";
				CLANG_ENABLE_MODULES = YES;
				CLANG_ENABLE_OBJC_ARC = YES;
				CLANG_ENABLE_OBJC_WEAK = YES;
				CLANG_WARN_BLOCK_CAPTURE_AUTORELEASING = YES;
				CLANG_WARN_BOOL_CONVERSION = YES;
				CLANG_WARN_COMMA = YES;
				CLANG_WARN_CONSTANT_CONVERSION = YES;
				CLANG_WARN_DEPRECATED_OBJC_IMPLEMENTATIONS = YES;
				CLANG_WARN_DIRECT_OBJC_ISA_USAGE = YES_ERROR;
				CLANG_WARN_DOCUMENTATION_COMMENTS = YES;
				CLANG_WARN_EMPTY_BODY = YES;
				CLANG_WARN_ENUM_CONVERSION = YES;
				CLANG_WARN_INFINITE_RECURSION = YES;
				CLANG_WARN_INT_CONVERSION = YES;
				CLANG_WARN_NON_LITERAL_NULL_CONVERSION = YES;
				CLANG_WARN_OBJC_IMPLICIT_RETAIN_SELF = YES;
				CLANG_WARN_OBJC_LITERAL_CONVERSION = YES;
				CLANG_WARN_OBJC_ROOT_CLASS = YES_ERROR;
				CLANG_WARN_QUOTED_INCLUDE_IN_FRAMEWORK_HEADER = YES;
				CLANG_WARN_RANGE_LOOP_ANALYSIS = YES;
				CLANG_WARN_STRICT_PROTOTYPES = YES;
				CLANG_WARN_SUSPICIOUS_MOVE = YES;
				CLANG_WARN_UNGUARDED_AVAILABILITY = YES_AGGRESSIVE;
				CLANG_WARN_UNREACHABLE_CODE = YES;
				CLANG_WARN__DUPLICATE_METHOD_MATCH = YES;
				COPY_PHASE_STRIP = NO;
				DEBUG_INFORMATION_FORMAT = "dwarf-with-dsym";
				ENABLE_NS_ASSERTIONS = NO;
				ENABLE_STRICT_OBJC_MSGSEND = YES;
				GCC_C_LANGUAGE_STANDARD = gnu11;
				GCC_NO_COMMON_BLOCKS = YES;
				GCC_WARN_64_TO_32_BIT_CONVERSION = YES;
				GCC_WARN_ABOUT_RETURN_TYPE = YES_ERROR;
				GCC_WARN_UNDECLARED_SELECTOR = YES;
				GCC_WARN_UNINITIALIZED_AUTOS = YES_AGGRESSIVE;
				GCC_WARN_UNUSED_FUNCTION = YES;
				GCC_WARN_UNUSED_VARIABLE = YES;
				IPHONEOS_DEPLOYMENT_TARGET = 14.5;
				MTL_ENABLE_DEBUG_INFO = NO;
				MTL_FAST_MATH = YES;
				SDKROOT = iphoneos;
				SWIFT_COMPILATION_MODE = wholemodule;
				SWIFT_OPTIMIZATION_LEVEL = "-O";
				VALIDATE_PRODUCT = YES;
			};
			name = Release;
		};
		B1DC418226CA8D5E006199F6 /* Debug */ = {
			isa = XCBuildConfiguration;
			buildSettings = {
				ASSETCATALOG_COMPILER_APPICON_NAME = AppIcon;
				ASSETCATALOG_COMPILER_GLOBAL_ACCENT_COLOR_NAME = AccentColor;
				CODE_SIGN_STYLE = Automatic;
				DEVELOPMENT_TEAM = QM43B7QRF9;
				INFOPLIST_FILE = RickAndMorty/Info.plist;
				LD_RUNPATH_SEARCH_PATHS = (
					"$(inherited)",
					"@executable_path/Frameworks",
				);
				PRODUCT_BUNDLE_IDENTIFIER = dev.pastre.learningjourneyapp.RickAndMorty;
				PRODUCT_NAME = "$(TARGET_NAME)";
				SWIFT_VERSION = 5.0;
				TARGETED_DEVICE_FAMILY = "1,2";
			};
			name = Debug;
		};
		B1DC418326CA8D5E006199F6 /* Release */ = {
			isa = XCBuildConfiguration;
			buildSettings = {
				ASSETCATALOG_COMPILER_APPICON_NAME = AppIcon;
				ASSETCATALOG_COMPILER_GLOBAL_ACCENT_COLOR_NAME = AccentColor;
				CODE_SIGN_STYLE = Automatic;
				DEVELOPMENT_TEAM = QM43B7QRF9;
				INFOPLIST_FILE = RickAndMorty/Info.plist;
				LD_RUNPATH_SEARCH_PATHS = (
					"$(inherited)",
					"@executable_path/Frameworks",
				);
				PRODUCT_BUNDLE_IDENTIFIER = dev.pastre.learningjourneyapp.RickAndMorty;
				PRODUCT_NAME = "$(TARGET_NAME)";
				SWIFT_VERSION = 5.0;
				TARGETED_DEVICE_FAMILY = "1,2";
			};
			name = Release;
		};
/* End XCBuildConfiguration section */

/* Begin XCConfigurationList section */
		B1DC416826CA8D5D006199F6 /* Build configuration list for PBXProject "RickAndMorty" */ = {
			isa = XCConfigurationList;
			buildConfigurations = (
				B1DC417F26CA8D5E006199F6 /* Debug */,
				B1DC418026CA8D5E006199F6 /* Release */,
			);
			defaultConfigurationIsVisible = 0;
			defaultConfigurationName = Release;
		};
		B1DC418126CA8D5E006199F6 /* Build configuration list for PBXNativeTarget "RickAndMorty" */ = {
			isa = XCConfigurationList;
			buildConfigurations = (
				B1DC418226CA8D5E006199F6 /* Debug */,
				B1DC418326CA8D5E006199F6 /* Release */,
			);
			defaultConfigurationIsVisible = 0;
			defaultConfigurationName = Release;
		};
/* End XCConfigurationList section */
	};
	rootObject = B1DC416526CA8D5D006199F6 /* Project object */;
}
